// !$*UTF8*$!
{
	archiveVersion = 1;
	classes = {
	};
	objectVersion = 77;
	objects = {

/* Begin PBXBuildFile section */
		C79AF7962EEDD995008088F6 /* README.md in Resources */ = {isa = PBXBuildFile; fileRef = C79AF7932EEDD995008088F6 /* README.md */; };
		C79AF7972EEDD995008088F6 /* AGENTS.md in Resources */ = {isa = PBXBuildFile; fileRef = C79AF7902EEDD995008088F6 /* AGENTS.md */; };
		C79AF7982EEDD995008088F6 /* DESIGN_IOS_STAGE_1.md in Resources */ = {isa = PBXBuildFile; fileRef = C79AF7912EEDD995008088F6 /* DESIGN_IOS_STAGE_1.md */; };
		C79AF7992EEDD995008088F6 /* TEST_IOS_STAGE1.md in Resources */ = {isa = PBXBuildFile; fileRef = C79AF7952EEDD995008088F6 /* TEST_IOS_STAGE1.md */; };
		C79AF79A2EEDD995008088F6 /* TASKS_IOS_STAGE_1.md in Resources */ = {isa = PBXBuildFile; fileRef = C79AF7942EEDD995008088F6 /* TASKS_IOS_STAGE_1.md */; };
		C79AF79B2EEDD995008088F6 /* PRD_IOS_STAGE_1.md in Resources */ = {isa = PBXBuildFile; fileRef = C79AF7922EEDD995008088F6 /* PRD_IOS_STAGE_1.md */; };
		C79AF79E2EEEC9D1008088F6 /* Auth in Frameworks */ = {isa = PBXBuildFile; productRef = C79AF79D2EEEC9D1008088F6 /* Auth */; };
		C79AF7A02EEEC9D1008088F6 /* Functions in Frameworks */ = {isa = PBXBuildFile; productRef = C79AF79F2EEEC9D1008088F6 /* Functions */; };
		C79AF7A22EEEC9D1008088F6 /* PostgREST in Frameworks */ = {isa = PBXBuildFile; productRef = C79AF7A12EEEC9D1008088F6 /* PostgREST */; };
		C79AF7A42EEEC9D1008088F6 /* Realtime in Frameworks */ = {isa = PBXBuildFile; productRef = C79AF7A32EEEC9D1008088F6 /* Realtime */; };
		C79AF7A62EEEC9D1008088F6 /* Storage in Frameworks */ = {isa = PBXBuildFile; productRef = C79AF7A52EEEC9D1008088F6 /* Storage */; };
		C79AF7A82EEEC9D1008088F6 /* Supabase in Frameworks */ = {isa = PBXBuildFile; productRef = C79AF7A72EEEC9D1008088F6 /* Supabase */; };
/* End PBXBuildFile section */

/* Begin PBXFileReference section */
		C79AF72E2EEDD802008088F6 /* ios.app */ = {isa = PBXFileReference; explicitFileType = wrapper.application; includeInIndex = 0; path = ios.app; sourceTree = BUILT_PRODUCTS_DIR; };
		C79AF7902EEDD995008088F6 /* AGENTS.md */ = {isa = PBXFileReference; lastKnownFileType = net.daringfireball.markdown; path = AGENTS.md; sourceTree = "<group>"; };
		C79AF7912EEDD995008088F6 /* DESIGN_IOS_STAGE_1.md */ = {isa = PBXFileReference; lastKnownFileType = net.daringfireball.markdown; path = DESIGN_IOS_STAGE_1.md; sourceTree = "<group>"; };
		C79AF7922EEDD995008088F6 /* PRD_IOS_STAGE_1.md */ = {isa = PBXFileReference; lastKnownFileType = net.daringfireball.markdown; path = PRD_IOS_STAGE_1.md; sourceTree = "<group>"; };
		C79AF7932EEDD995008088F6 /* README.md */ = {isa = PBXFileReference; lastKnownFileType = net.daringfireball.markdown; path = README.md; sourceTree = "<group>"; };
		C79AF7942EEDD995008088F6 /* TASKS_IOS_STAGE_1.md */ = {isa = PBXFileReference; lastKnownFileType = net.daringfireball.markdown; path = TASKS_IOS_STAGE_1.md; sourceTree = "<group>"; };
		C79AF7952EEDD995008088F6 /* TEST_IOS_STAGE1.md */ = {isa = PBXFileReference; lastKnownFileType = net.daringfireball.markdown; path = TEST_IOS_STAGE1.md; sourceTree = "<group>"; };
/* End PBXFileReference section */

/* Begin PBXFileSystemSynchronizedRootGroup section */
		C79AF7302EEDD802008088F6 /* app */ = {
			isa = PBXFileSystemSynchronizedRootGroup;
			path = app;
			sourceTree = "<group>";
		};
/* End PBXFileSystemSynchronizedRootGroup section */

/* Begin PBXFrameworksBuildPhase section */
		C79AF72B2EEDD802008088F6 /* Frameworks */ = {
			isa = PBXFrameworksBuildPhase;
			buildActionMask = 2147483647;
			files = (
				C79AF7A22EEEC9D1008088F6 /* PostgREST in Frameworks */,
				C79AF7A02EEEC9D1008088F6 /* Functions in Frameworks */,
				C79AF7A82EEEC9D1008088F6 /* Supabase in Frameworks */,
				C79AF79E2EEEC9D1008088F6 /* Auth in Frameworks */,
				C79AF7A62EEEC9D1008088F6 /* Storage in Frameworks */,
				C79AF7A42EEEC9D1008088F6 /* Realtime in Frameworks */,
			);
			runOnlyForDeploymentPostprocessing = 0;
		};
/* End PBXFrameworksBuildPhase section */

/* Begin PBXGroup section */
		C79AF7252EEDD802008088F6 = {
			isa = PBXGroup;
			children = (
				C79AF7302EEDD802008088F6 /* app */,
				C79AF72F2EEDD802008088F6 /* Products */,
				C79AF7902EEDD995008088F6 /* AGENTS.md */,
				C79AF7912EEDD995008088F6 /* DESIGN_IOS_STAGE_1.md */,
				C79AF7922EEDD995008088F6 /* PRD_IOS_STAGE_1.md */,
				C79AF7932EEDD995008088F6 /* README.md */,
				C79AF7942EEDD995008088F6 /* TASKS_IOS_STAGE_1.md */,
				C79AF7952EEDD995008088F6 /* TEST_IOS_STAGE1.md */,
			);
			sourceTree = "<group>";
		};
		C79AF72F2EEDD802008088F6 /* Products */ = {
			isa = PBXGroup;
			children = (
				C79AF72E2EEDD802008088F6 /* ios.app */,
			);
			name = Products;
			sourceTree = "<group>";
		};
/* End PBXGroup section */

/* Begin PBXNativeTarget section */
		C79AF72D2EEDD802008088F6 /* ios */ = {
			isa = PBXNativeTarget;
			buildConfigurationList = C79AF7392EEDD803008088F6 /* Build configuration list for PBXNativeTarget "ios" */;
			buildPhases = (
				C79AF72A2EEDD802008088F6 /* Sources */,
				C79AF72B2EEDD802008088F6 /* Frameworks */,
				C79AF72C2EEDD802008088F6 /* Resources */,
			);
			buildRules = (
			);
			dependencies = (
			);
			fileSystemSynchronizedGroups = (
				C79AF7302EEDD802008088F6 /* app */,
			);
			name = ios;
			packageProductDependencies = (
				C79AF79D2EEEC9D1008088F6 /* Auth */,
				C79AF79F2EEEC9D1008088F6 /* Functions */,
				C79AF7A12EEEC9D1008088F6 /* PostgREST */,
				C79AF7A32EEEC9D1008088F6 /* Realtime */,
				C79AF7A52EEEC9D1008088F6 /* Storage */,
				C79AF7A72EEEC9D1008088F6 /* Supabase */,
			);
			productName = ios;
			productReference = C79AF72E2EEDD802008088F6 /* ios.app */;
			productType = "com.apple.product-type.application";
		};
/* End PBXNativeTarget section */

/* Begin PBXProject section */
		C79AF7262EEDD802008088F6 /* Project object */ = {
			isa = PBXProject;
			attributes = {
				BuildIndependentTargetsInParallel = 1;
				LastSwiftUpdateCheck = 2600;
				LastUpgradeCheck = 2600;
				TargetAttributes = {
					C79AF72D2EEDD802008088F6 = {
						CreatedOnToolsVersion = 26.0;
					};
				};
			};
			buildConfigurationList = C79AF7292EEDD802008088F6 /* Build configuration list for PBXProject "ios" */;
			developmentRegion = en;
			hasScannedForEncodings = 0;
			knownRegions = (
				en,
				Base,
			);
			mainGroup = C79AF7252EEDD802008088F6;
			minimizedProjectReferenceProxies = 1;
			packageReferences = (
				C79AF79C2EEEC9D1008088F6 /* XCRemoteSwiftPackageReference "supabase-swift" */,
			);
			preferredProjectObjectVersion = 77;
			productRefGroup = C79AF72F2EEDD802008088F6 /* Products */;
			projectDirPath = "";
			projectRoot = "";
			targets = (
				C79AF72D2EEDD802008088F6 /* ios */,
			);
		};
/* End PBXProject section */

/* Begin PBXResourcesBuildPhase section */
		C79AF72C2EEDD802008088F6 /* Resources */ = {
			isa = PBXResourcesBuildPhase;
			buildActionMask = 2147483647;
			files = (
				C79AF7962EEDD995008088F6 /* README.md in Resources */,
				C79AF7972EEDD995008088F6 /* AGENTS.md in Resources */,
				C79AF7982EEDD995008088F6 /* DESIGN_IOS_STAGE_1.md in Resources */,
				C79AF7992EEDD995008088F6 /* TEST_IOS_STAGE1.md in Resources */,
				C79AF79A2EEDD995008088F6 /* TASKS_IOS_STAGE_1.md in Resources */,
				C79AF79B2EEDD995008088F6 /* PRD_IOS_STAGE_1.md in Resources */,
			);
			runOnlyForDeploymentPostprocessing = 0;
		};
/* End PBXResourcesBuildPhase section */

/* Begin PBXSourcesBuildPhase section */
		C79AF72A2EEDD802008088F6 /* Sources */ = {
			isa = PBXSourcesBuildPhase;
			buildActionMask = 2147483647;
			files = (
			);
			runOnlyForDeploymentPostprocessing = 0;
		};
/* End PBXSourcesBuildPhase section */

/* Begin XCBuildConfiguration section */
		C79AF7372EEDD803008088F6 /* Debug */ = {
			isa = XCBuildConfiguration;
			buildSettings = {
				ALWAYS_SEARCH_USER_PATHS = NO;
				ASSETCATALOG_COMPILER_GENERATE_SWIFT_ASSET_SYMBOL_EXTENSIONS = YES;
				CLANG_ANALYZER_NONNULL = YES;
				CLANG_ANALYZER_NUMBER_OBJECT_CONVERSION = YES_AGGRESSIVE;
				CLANG_CXX_LANGUAGE_STANDARD = "gnu++20";
				CLANG_ENABLE_MODULES = YES;
				CLANG_ENABLE_OBJC_ARC = YES;
				CLANG_ENABLE_OBJC_WEAK = YES;
				CLANG_WARN_BLOCK_CAPTURE_AUTORELEASING = YES;
				CLANG_WARN_BOOL_CONVERSION = YES;
				CLANG_WARN_COMMA = YES;
				CLANG_WARN_CONSTANT_CONVERSION = YES;
				CLANG_WARN_DEPRECATED_OBJC_IMPLEMENTATIONS = YES;
				CLANG_WARN_DIRECT_OBJC_ISA_USAGE = YES_ERROR;
				CLANG_WARN_DOCUMENTATION_COMMENTS = YES;
				CLANG_WARN_EMPTY_BODY = YES;
				CLANG_WARN_ENUM_CONVERSION = YES;
				CLANG_WARN_INFINITE_RECURSION = YES;
				CLANG_WARN_INT_CONVERSION = YES;
				CLANG_WARN_NON_LITERAL_NULL_CONVERSION = YES;
				CLANG_WARN_OBJC_IMPLICIT_RETAIN_SELF = YES;
				CLANG_WARN_OBJC_LITERAL_CONVERSION = YES;
				CLANG_WARN_OBJC_ROOT_CLASS = YES_ERROR;
				CLANG_WARN_QUOTED_INCLUDE_IN_FRAMEWORK_HEADER = YES;
				CLANG_WARN_RANGE_LOOP_ANALYSIS = YES;
				CLANG_WARN_STRICT_PROTOTYPES = YES;
				CLANG_WARN_SUSPICIOUS_MOVE = YES;
				CLANG_WARN_UNGUARDED_AVAILABILITY = YES_AGGRESSIVE;
				CLANG_WARN_UNREACHABLE_CODE = YES;
				CLANG_WARN__DUPLICATE_METHOD_MATCH = YES;
				COPY_PHASE_STRIP = NO;
				DEBUG_INFORMATION_FORMAT = dwarf;
				DEVELOPMENT_TEAM = 74S8T9684C;
				ENABLE_STRICT_OBJC_MSGSEND = YES;
				ENABLE_TESTABILITY = YES;
				ENABLE_USER_SCRIPT_SANDBOXING = YES;
				GCC_C_LANGUAGE_STANDARD = gnu17;
				GCC_DYNAMIC_NO_PIC = NO;
				GCC_NO_COMMON_BLOCKS = YES;
				GCC_OPTIMIZATION_LEVEL = 0;
				GCC_PREPROCESSOR_DEFINITIONS = (
					"DEBUG=1",
					"$(inherited)",
				);
				GCC_WARN_64_TO_32_BIT_CONVERSION = YES;
				GCC_WARN_ABOUT_RETURN_TYPE = YES_ERROR;
				GCC_WARN_UNDECLARED_SELECTOR = YES;
				GCC_WARN_UNINITIALIZED_AUTOS = YES_AGGRESSIVE;
				GCC_WARN_UNUSED_FUNCTION = YES;
				GCC_WARN_UNUSED_VARIABLE = YES;
				IPHONEOS_DEPLOYMENT_TARGET = 26.0;
				LOCALIZATION_PREFERS_STRING_CATALOGS = YES;
				MTL_ENABLE_DEBUG_INFO = INCLUDE_SOURCE;
				MTL_FAST_MATH = YES;
				ONLY_ACTIVE_ARCH = YES;
				SDKROOT = iphoneos;
				SWIFT_ACTIVE_COMPILATION_CONDITIONS = "DEBUG $(inherited)";
				SWIFT_OPTIMIZATION_LEVEL = "-Onone";
			};
			name = Debug;
		};
		C79AF7382EEDD803008088F6 /* Release */ = {
			isa = XCBuildConfiguration;
			buildSettings = {
				ALWAYS_SEARCH_USER_PATHS = NO;
				ASSETCATALOG_COMPILER_GENERATE_SWIFT_ASSET_SYMBOL_EXTENSIONS = YES;
				CLANG_ANALYZER_NONNULL = YES;
				CLANG_ANALYZER_NUMBER_OBJECT_CONVERSION = YES_AGGRESSIVE;
				CLANG_CXX_LANGUAGE_STANDARD = "gnu++20";
				CLANG_ENABLE_MODULES = YES;
				CLANG_ENABLE_OBJC_ARC = YES;
				CLANG_ENABLE_OBJC_WEAK = YES;
				CLANG_WARN_BLOCK_CAPTURE_AUTORELEASING = YES;
				CLANG_WARN_BOOL_CONVERSION = YES;
				CLANG_WARN_COMMA = YES;
				CLANG_WARN_CONSTANT_CONVERSION = YES;
				CLANG_WARN_DEPRECATED_OBJC_IMPLEMENTATIONS = YES;
				CLANG_WARN_DIRECT_OBJC_ISA_USAGE = YES_ERROR;
				CLANG_WARN_DOCUMENTATION_COMMENTS = YES;
				CLANG_WARN_EMPTY_BODY = YES;
				CLANG_WARN_ENUM_CONVERSION = YES;
				CLANG_WARN_INFINITE_RECURSION = YES;
				CLANG_WARN_INT_CONVERSION = YES;
				CLANG_WARN_NON_LITERAL_NULL_CONVERSION = YES;
				CLANG_WARN_OBJC_IMPLICIT_RETAIN_SELF = YES;
				CLANG_WARN_OBJC_LITERAL_CONVERSION = YES;
				CLANG_WARN_OBJC_ROOT_CLASS = YES_ERROR;
				CLANG_WARN_QUOTED_INCLUDE_IN_FRAMEWORK_HEADER = YES;
				CLANG_WARN_RANGE_LOOP_ANALYSIS = YES;
				CLANG_WARN_STRICT_PROTOTYPES = YES;
				CLANG_WARN_SUSPICIOUS_MOVE = YES;
				CLANG_WARN_UNGUARDED_AVAILABILITY = YES_AGGRESSIVE;
				CLANG_WARN_UNREACHABLE_CODE = YES;
				CLANG_WARN__DUPLICATE_METHOD_MATCH = YES;
				COPY_PHASE_STRIP = NO;
				DEBUG_INFORMATION_FORMAT = "dwarf-with-dsym";
				DEVELOPMENT_TEAM = 74S8T9684C;
				ENABLE_NS_ASSERTIONS = NO;
				ENABLE_STRICT_OBJC_MSGSEND = YES;
				ENABLE_USER_SCRIPT_SANDBOXING = YES;
				GCC_C_LANGUAGE_STANDARD = gnu17;
				GCC_NO_COMMON_BLOCKS = YES;
				GCC_WARN_64_TO_32_BIT_CONVERSION = YES;
				GCC_WARN_ABOUT_RETURN_TYPE = YES_ERROR;
				GCC_WARN_UNDECLARED_SELECTOR = YES;
				GCC_WARN_UNINITIALIZED_AUTOS = YES_AGGRESSIVE;
				GCC_WARN_UNUSED_FUNCTION = YES;
				GCC_WARN_UNUSED_VARIABLE = YES;
				IPHONEOS_DEPLOYMENT_TARGET = 26.0;
				LOCALIZATION_PREFERS_STRING_CATALOGS = YES;
				MTL_ENABLE_DEBUG_INFO = NO;
				MTL_FAST_MATH = YES;
				SDKROOT = iphoneos;
				SWIFT_COMPILATION_MODE = wholemodule;
				VALIDATE_PRODUCT = YES;
			};
			name = Release;
		};
		C79AF73A2EEDD803008088F6 /* Debug */ = {
			isa = XCBuildConfiguration;
			buildSettings = {
				ASSETCATALOG_COMPILER_APPICON_NAME = AppIcon;
				ASSETCATALOG_COMPILER_GLOBAL_ACCENT_COLOR_NAME = AccentColor;
				CODE_SIGN_STYLE = Automatic;
				CURRENT_PROJECT_VERSION = 1;
				DEVELOPMENT_TEAM = 74S8T9684C;
				ENABLE_PREVIEWS = YES;
				GENERATE_INFOPLIST_FILE = YES;
				INFOPLIST_KEY_UIApplicationSceneManifest_Generation = YES;
				INFOPLIST_KEY_UIApplicationSupportsIndirectInputEvents = YES;
				INFOPLIST_KEY_UILaunchScreen_Generation = YES;
				INFOPLIST_KEY_UISupportedInterfaceOrientations_iPad = "UIInterfaceOrientationPortrait UIInterfaceOrientationPortraitUpsideDown UIInterfaceOrientationLandscapeLeft UIInterfaceOrientationLandscapeRight";
				INFOPLIST_KEY_UISupportedInterfaceOrientations_iPhone = "UIInterfaceOrientationPortrait UIInterfaceOrientationLandscapeLeft UIInterfaceOrientationLandscapeRight";
				IPHONEOS_DEPLOYMENT_TARGET = 18.6;
				LD_RUNPATH_SEARCH_PATHS = (
					"$(inherited)",
					"@executable_path/Frameworks",
				);
				MARKETING_VERSION = 1.0;
				PRODUCT_BUNDLE_IDENTIFIER = ZZT.ios;
				PRODUCT_NAME = "$(TARGET_NAME)";
				STRING_CATALOG_GENERATE_SYMBOLS = YES;
				SUPPORTED_PLATFORMS = "iphoneos iphonesimulator";
				SUPPORTS_MACCATALYST = NO;
				SUPPORTS_XR_DESIGNED_FOR_IPHONE_IPAD = NO;
				SWIFT_APPROACHABLE_CONCURRENCY = YES;
				SWIFT_DEFAULT_ACTOR_ISOLATION = MainActor;
				SWIFT_EMIT_LOC_STRINGS = YES;
				SWIFT_UPCOMING_FEATURE_MEMBER_IMPORT_VISIBILITY = YES;
				SWIFT_VERSION = 5.0;
				TARGETED_DEVICE_FAMILY = "1,2";
			};
			name = Debug;
		};
		C79AF73B2EEDD803008088F6 /* Release */ = {
			isa = XCBuildConfiguration;
			buildSettings = {
				ASSETCATALOG_COMPILER_APPICON_NAME = AppIcon;
				ASSETCATALOG_COMPILER_GLOBAL_ACCENT_COLOR_NAME = AccentColor;
				CODE_SIGN_STYLE = Automatic;
				CURRENT_PROJECT_VERSION = 1;
				DEVELOPMENT_TEAM = 74S8T9684C;
				ENABLE_PREVIEWS = YES;
				GENERATE_INFOPLIST_FILE = YES;
				INFOPLIST_KEY_UIApplicationSceneManifest_Generation = YES;
				INFOPLIST_KEY_UIApplicationSupportsIndirectInputEvents = YES;
				INFOPLIST_KEY_UILaunchScreen_Generation = YES;
				INFOPLIST_KEY_UISupportedInterfaceOrientations_iPad = "UIInterfaceOrientationPortrait UIInterfaceOrientationPortraitUpsideDown UIInterfaceOrientationLandscapeLeft UIInterfaceOrientationLandscapeRight";
				INFOPLIST_KEY_UISupportedInterfaceOrientations_iPhone = "UIInterfaceOrientationPortrait UIInterfaceOrientationLandscapeLeft UIInterfaceOrientationLandscapeRight";
				IPHONEOS_DEPLOYMENT_TARGET = 18.6;
				LD_RUNPATH_SEARCH_PATHS = (
					"$(inherited)",
					"@executable_path/Frameworks",
				);
				MARKETING_VERSION = 1.0;
				PRODUCT_BUNDLE_IDENTIFIER = ZZT.ios;
				PRODUCT_NAME = "$(TARGET_NAME)";
				STRING_CATALOG_GENERATE_SYMBOLS = YES;
				SUPPORTED_PLATFORMS = "iphoneos iphonesimulator";
				SUPPORTS_MACCATALYST = NO;
				SUPPORTS_XR_DESIGNED_FOR_IPHONE_IPAD = NO;
				SWIFT_APPROACHABLE_CONCURRENCY = YES;
				SWIFT_DEFAULT_ACTOR_ISOLATION = MainActor;
				SWIFT_EMIT_LOC_STRINGS = YES;
				SWIFT_UPCOMING_FEATURE_MEMBER_IMPORT_VISIBILITY = YES;
				SWIFT_VERSION = 5.0;
				TARGETED_DEVICE_FAMILY = "1,2";
			};
			name = Release;
		};
/* End XCBuildConfiguration section */

/* Begin XCConfigurationList section */
		C79AF7292EEDD802008088F6 /* Build configuration list for PBXProject "ios" */ = {
			isa = XCConfigurationList;
			buildConfigurations = (
				C79AF7372EEDD803008088F6 /* Debug */,
				C79AF7382EEDD803008088F6 /* Release */,
			);
			defaultConfigurationIsVisible = 0;
			defaultConfigurationName = Release;
		};
		C79AF7392EEDD803008088F6 /* Build configuration list for PBXNativeTarget "ios" */ = {
			isa = XCConfigurationList;
			buildConfigurations = (
				C79AF73A2EEDD803008088F6 /* Debug */,
				C79AF73B2EEDD803008088F6 /* Release */,
			);
			defaultConfigurationIsVisible = 0;
			defaultConfigurationName = Release;
		};
/* End XCConfigurationList section */

/* Begin XCRemoteSwiftPackageReference section */
		C79AF79C2EEEC9D1008088F6 /* XCRemoteSwiftPackageReference "supabase-swift" */ = {
			isa = XCRemoteSwiftPackageReference;
			repositoryURL = "https://github.com/supabase/supabase-swift";
			requirement = {
				kind = upToNextMajorVersion;
				minimumVersion = 2.5.1;
			};
		};
/* End XCRemoteSwiftPackageReference section */

/* Begin XCSwiftPackageProductDependency section */
		C79AF79D2EEEC9D1008088F6 /* Auth */ = {
			isa = XCSwiftPackageProductDependency;
			package = C79AF79C2EEEC9D1008088F6 /* XCRemoteSwiftPackageReference "supabase-swift" */;
			productName = Auth;
		};
		C79AF79F2EEEC9D1008088F6 /* Functions */ = {
			isa = XCSwiftPackageProductDependency;
			package = C79AF79C2EEEC9D1008088F6 /* XCRemoteSwiftPackageReference "supabase-swift" */;
			productName = Functions;
		};
		C79AF7A12EEEC9D1008088F6 /* PostgREST */ = {
			isa = XCSwiftPackageProductDependency;
			package = C79AF79C2EEEC9D1008088F6 /* XCRemoteSwiftPackageReference "supabase-swift" */;
			productName = PostgREST;
		};
		C79AF7A32EEEC9D1008088F6 /* Realtime */ = {
			isa = XCSwiftPackageProductDependency;
			package = C79AF79C2EEEC9D1008088F6 /* XCRemoteSwiftPackageReference "supabase-swift" */;
			productName = Realtime;
		};
		C79AF7A52EEEC9D1008088F6 /* Storage */ = {
			isa = XCSwiftPackageProductDependency;
			package = C79AF79C2EEEC9D1008088F6 /* XCRemoteSwiftPackageReference "supabase-swift" */;
			productName = Storage;
		};
		C79AF7A72EEEC9D1008088F6 /* Supabase */ = {
			isa = XCSwiftPackageProductDependency;
			package = C79AF79C2EEEC9D1008088F6 /* XCRemoteSwiftPackageReference "supabase-swift" */;
			productName = Supabase;
		};
/* End XCSwiftPackageProductDependency section */
	};
	rootObject = C79AF7262EEDD802008088F6 /* Project object */;
}
